
Microsoft Visual Studio Solution File, Format Version 12.00
# Visual Studio Version 17
VisualStudioVersion = 17.9.34728.123
MinimumVisualStudioVersion = 10.0.40219.1
Project("{9A19103F-16F7-4668-BE54-9A1E7A4F7556}") = "RoomCalculator", "RoomCalculator.csproj", "{F6180904-3AB2-4F65-80CF-914067E8E984}"
EndProject
Global
	GlobalSection(SolutionConfigurationPlatforms) = preSolution
		Debug|Any CPU = Debug|Any CPU
		Release|Any CPU = Release|Any CPU
	EndGlobalSection
	GlobalSection(ProjectConfigurationPlatforms) = postSolution
		{F6180904-3AB2-4F65-80CF-914067E8E984}.Debug|Any CPU.ActiveCfg = Debug|Any CPU
		{F6180904-3AB2-4F65-80CF-914067E8E984}.Debug|Any CPU.Build.0 = Debug|Any CPU
		{F6180904-3AB2-4F65-80CF-914067E8E984}.Release|Any CPU.ActiveCfg = Release|Any CPU
		{F6180904-3AB2-4F65-80CF-914067E8E984}.Release|Any CPU.Build.0 = Release|Any CPU
	EndGlobalSection
	GlobalSection(SolutionProperties) = preSolution
		HideSolutionNode = FALSE
	EndGlobalSection
	GlobalSection(ExtensibilityGlobals) = postSolution
		SolutionGuid = {3F57ED82-8E10-4BE2-80FD-80B6FDB0402A}
	EndGlobalSection
EndGlobal
